{
  "name": "my-b",
  "lockfileVersion": 3,
  "requires": true,
  "packages": {
    "": {
      "dependencies": {
        "hexo-theme-reimu": "^0.0.6"
      }
    },
    "node_modules/hexo-theme-reimu": {
      "version": "0.0.6",
      "resolved": "https://registry.npmjs.org/hexo-theme-reimu/-/hexo-theme-reimu-0.0.6.tgz",
      "integrity": "sha512-IyrJkDMXCPDfdJXzM8fum1kl4FsZv8jCM6k9QQ+8kfTzmLJ3/3Op5btAFLomiK76tOFVyIJYRIvuyTcMUvWdWg=="
    }
  }
}
